// !$*UTF8*$!
{
	archiveVersion = 1;
	classes = {
	};
	objectVersion = 46;
	objects = {

/* Begin PBXBuildFile section */
		E730310E1B16D29B0019E5E0 /* main.m in Sources */ = {isa = PBXBuildFile; fileRef = E730310D1B16D29B0019E5E0 /* main.m */; };
		E73031111B16D29B0019E5E0 /* AppDelegate.m in Sources */ = {isa = PBXBuildFile; fileRef = E73031101B16D29B0019E5E0 /* AppDelegate.m */; };
		E73031141B16D29B0019E5E0 /* ViewController.m in Sources */ = {isa = PBXBuildFile; fileRef = E73031131B16D29B0019E5E0 /* ViewController.m */; };
		E73031171B16D29B0019E5E0 /* Main.storyboard in Resources */ = {isa = PBXBuildFile; fileRef = E73031151B16D29B0019E5E0 /* Main.storyboard */; };
		E73031191B16D29B0019E5E0 /* Images.xcassets in Resources */ = {isa = PBXBuildFile; fileRef = E73031181B16D29B0019E5E0 /* Images.xcassets */; };
		E730311C1B16D29B0019E5E0 /* LaunchScreen.xib in Resources */ = {isa = PBXBuildFile; fileRef = E730311A1B16D29B0019E5E0 /* LaunchScreen.xib */; };
		E73031281B16D29B0019E5E0 /* Urban96Tests.m in Sources */ = {isa = PBXBuildFile; fileRef = E73031271B16D29B0019E5E0 /* Urban96Tests.m */; };
/* End PBXBuildFile section */

/* Begin PBXContainerItemProxy section */
		E73031221B16D29B0019E5E0 /* PBXContainerItemProxy */ = {
			isa = PBXContainerItemProxy;
			containerPortal = E73031001B16D29B0019E5E0 /* Project object */;
			proxyType = 1;
			remoteGlobalIDString = E73031071B16D29B0019E5E0;
			remoteInfo = Urban96;
		};
/* End PBXContainerItemProxy section */

/* Begin PBXFileReference section */
		E73031081B16D29B0019E5E0 /* Urban96.app */ = {isa = PBXFileReference; explicitFileType = wrapper.application; includeInIndex = 0; path = Urban96.app; sourceTree = BUILT_PRODUCTS_DIR; };
		E730310C1B16D29B0019E5E0 /* Info.plist */ = {isa = PBXFileReference; lastKnownFileType = text.plist.xml; path = Info.plist; sourceTree = "<group>"; };
		E730310D1B16D29B0019E5E0 /* main.m */ = {isa = PBXFileReference; lastKnownFileType = sourcecode.c.objc; path = main.m; sourceTree = "<group>"; };
		E730310F1B16D29B0019E5E0 /* AppDelegate.h */ = {isa = PBXFileReference; lastKnownFileType = sourcecode.c.h; path = AppDelegate.h; sourceTree = "<group>"; };
		E73031101B16D29B0019E5E0 /* AppDelegate.m */ = {isa = PBXFileReference; lastKnownFileType = sourcecode.c.objc; path = AppDelegate.m; sourceTree = "<group>"; };
		E73031121B16D29B0019E5E0 /* ViewController.h */ = {isa = PBXFileReference; lastKnownFileType = sourcecode.c.h; path = ViewController.h; sourceTree = "<group>"; };
		E73031131B16D29B0019E5E0 /* ViewController.m */ = {isa = PBXFileReference; lastKnownFileType = sourcecode.c.objc; path = ViewController.m; sourceTree = "<group>"; };
		E73031161B16D29B0019E5E0 /* Base */ = {isa = PBXFileReference; lastKnownFileType = file.storyboard; name = Base; path = Base.lproj/Main.storyboard; sourceTree = "<group>"; };
		E73031181B16D29B0019E5E0 /* Images.xcassets */ = {isa = PBXFileReference; lastKnownFileType = folder.assetcatalog; path = Images.xcassets; sourceTree = "<group>"; };
		E730311B1B16D29B0019E5E0 /* Base */ = {isa = PBXFileReference; lastKnownFileType = file.xib; name = Base; path = Base.lproj/LaunchScreen.xib; sourceTree = "<group>"; };
		E73031211B16D29B0019E5E0 /* Urban96Tests.xctest */ = {isa = PBXFileReference; explicitFileType = wrapper.cfbundle; includeInIndex = 0; path = Urban96Tests.xctest; sourceTree = BUILT_PRODUCTS_DIR; };
		E73031261B16D29B0019E5E0 /* Info.plist */ = {isa = PBXFileReference; lastKnownFileType = text.plist.xml; path = Info.plist; sourceTree = "<group>"; };
		E73031271B16D29B0019E5E0 /* Urban96Tests.m */ = {isa = PBXFileReference; lastKnownFileType = sourcecode.c.objc; path = Urban96Tests.m; sourceTree = "<group>"; };
/* End PBXFileReference section */

/* Begin PBXFrameworksBuildPhase section */
		E73031051B16D29B0019E5E0 /* Frameworks */ = {
			isa = PBXFrameworksBuildPhase;
			buildActionMask = 2147483647;
			files = (
			);
			runOnlyForDeploymentPostprocessing = 0;
		};
		E730311E1B16D29B0019E5E0 /* Frameworks */ = {
			isa = PBXFrameworksBuildPhase;
			buildActionMask = 2147483647;
			files = (
			);
			runOnlyForDeploymentPostprocessing = 0;
		};
/* End PBXFrameworksBuildPhase section */

/* Begin PBXGroup section */
		E73030FF1B16D29B0019E5E0 = {
			isa = PBXGroup;
			children = (
				E730310A1B16D29B0019E5E0 /* Urban96 */,
				E73031241B16D29B0019E5E0 /* Urban96Tests */,
				E73031091B16D29B0019E5E0 /* Products */,
			);
			sourceTree = "<group>";
		};
		E73031091B16D29B0019E5E0 /* Products */ = {
			isa = PBXGroup;
			children = (
				E73031081B16D29B0019E5E0 /* Urban96.app */,
				E73031211B16D29B0019E5E0 /* Urban96Tests.xctest */,
			);
			name = Products;
			sourceTree = "<group>";
		};
		E730310A1B16D29B0019E5E0 /* Urban96 */ = {
			isa = PBXGroup;
			children = (
				E730310F1B16D29B0019E5E0 /* AppDelegate.h */,
				E73031101B16D29B0019E5E0 /* AppDelegate.m */,
				E73031121B16D29B0019E5E0 /* ViewController.h */,
				E73031131B16D29B0019E5E0 /* ViewController.m */,
				E73031151B16D29B0019E5E0 /* Main.storyboard */,
				E73031181B16D29B0019E5E0 /* Images.xcassets */,
				E730311A1B16D29B0019E5E0 /* LaunchScreen.xib */,
				E730310B1B16D29B0019E5E0 /* Supporting Files */,
			);
			path = Urban96;
			sourceTree = "<group>";
		};
		E730310B1B16D29B0019E5E0 /* Supporting Files */ = {
			isa = PBXGroup;
			children = (
				E730310C1B16D29B0019E5E0 /* Info.plist */,
				E730310D1B16D29B0019E5E0 /* main.m */,
			);
			name = "Supporting Files";
			sourceTree = "<group>";
		};
		E73031241B16D29B0019E5E0 /* Urban96Tests */ = {
			isa = PBXGroup;
			children = (
				E73031271B16D29B0019E5E0 /* Urban96Tests.m */,
				E73031251B16D29B0019E5E0 /* Supporting Files */,
			);
			path = Urban96Tests;
			sourceTree = "<group>";
		};
		E73031251B16D29B0019E5E0 /* Supporting Files */ = {
			isa = PBXGroup;
			children = (
				E73031261B16D29B0019E5E0 /* Info.plist */,
			);
			name = "Supporting Files";
			sourceTree = "<group>";
		};
/* End PBXGroup section */

/* Begin PBXNativeTarget section */
		E73031071B16D29B0019E5E0 /* Urban96 */ = {
			isa = PBXNativeTarget;
			buildConfigurationList = E730312B1B16D29B0019E5E0 /* Build configuration list for PBXNativeTarget "Urban96" */;
			buildPhases = (
				E73031041B16D29B0019E5E0 /* Sources */,
				E73031051B16D29B0019E5E0 /* Frameworks */,
				E73031061B16D29B0019E5E0 /* Resources */,
			);
			buildRules = (
			);
			dependencies = (
			);
			name = Urban96;
			productName = Urban96;
			productReference = E73031081B16D29B0019E5E0 /* Urban96.app */;
			productType = "com.apple.product-type.application";
		};
		E73031201B16D29B0019E5E0 /* Urban96Tests */ = {
			isa = PBXNativeTarget;
			buildConfigurationList = E730312E1B16D29B0019E5E0 /* Build configuration list for PBXNativeTarget "Urban96Tests" */;
			buildPhases = (
				E730311D1B16D29B0019E5E0 /* Sources */,
				E730311E1B16D29B0019E5E0 /* Frameworks */,
				E730311F1B16D29B0019E5E0 /* Resources */,
			);
			buildRules = (
			);
			dependencies = (
				E73031231B16D29B0019E5E0 /* PBXTargetDependency */,
			);
			name = Urban96Tests;
			productName = Urban96Tests;
			productReference = E73031211B16D29B0019E5E0 /* Urban96Tests.xctest */;
			productType = "com.apple.product-type.bundle.unit-test";
		};
/* End PBXNativeTarget section */

/* Begin PBXProject section */
		E73031001B16D29B0019E5E0 /* Project object */ = {
			isa = PBXProject;
			attributes = {
				LastUpgradeCheck = 0630;
				ORGANIZATIONNAME = Tops;
				TargetAttributes = {
					E73031071B16D29B0019E5E0 = {
						CreatedOnToolsVersion = 6.3.1;
					};
					E73031201B16D29B0019E5E0 = {
						CreatedOnToolsVersion = 6.3.1;
						TestTargetID = E73031071B16D29B0019E5E0;
					};
				};
			};
			buildConfigurationList = E73031031B16D29B0019E5E0 /* Build configuration list for PBXProject "Urban96" */;
			compatibilityVersion = "Xcode 3.2";
			developmentRegion = English;
			hasScannedForEncodings = 0;
			knownRegions = (
				en,
				Base,
			);
			mainGroup = E73030FF1B16D29B0019E5E0;
			productRefGroup = E73031091B16D29B0019E5E0 /* Products */;
			projectDirPath = "";
			projectRoot = "";
			targets = (
				E73031071B16D29B0019E5E0 /* Urban96 */,
				E73031201B16D29B0019E5E0 /* Urban96Tests */,
			);
		};
/* End PBXProject section */

/* Begin PBXResourcesBuildPhase section */
		E73031061B16D29B0019E5E0 /* Resources */ = {
			isa = PBXResourcesBuildPhase;
			buildActionMask = 2147483647;
			files = (
				E73031171B16D29B0019E5E0 /* Main.storyboard in Resources */,
				E730311C1B16D29B0019E5E0 /* LaunchScreen.xib in Resources */,
				E73031191B16D29B0019E5E0 /* Images.xcassets in Resources */,
			);
			runOnlyForDeploymentPostprocessing = 0;
		};
		E730311F1B16D29B0019E5E0 /* Resources */ = {
			isa = PBXResourcesBuildPhase;
			buildActionMask = 2147483647;
			files = (
			);
			runOnlyForDeploymentPostprocessing = 0;
		};
/* End PBXResourcesBuildPhase section */

/* Begin PBXSourcesBuildPhase section */
		E73031041B16D29B0019E5E0 /* Sources */ = {
			isa = PBXSourcesBuildPhase;
			buildActionMask = 2147483647;
			files = (
				E73031141B16D29B0019E5E0 /* ViewController.m in Sources */,
				E73031111B16D29B0019E5E0 /* AppDelegate.m in Sources */,
				E730310E1B16D29B0019E5E0 /* main.m in Sources */,
			);
			runOnlyForDeploymentPostprocessing = 0;
		};
		E730311D1B16D29B0019E5E0 /* Sources */ = {
			isa = PBXSourcesBuildPhase;
			buildActionMask = 2147483647;
			files = (
				E73031281B16D29B0019E5E0 /* Urban96Tests.m in Sources */,
			);
			runOnlyForDeploymentPostprocessing = 0;
		};
/* End PBXSourcesBuildPhase section */

/* Begin PBXTargetDependency section */
		E73031231B16D29B0019E5E0 /* PBXTargetDependency */ = {
			isa = PBXTargetDependency;
			target = E73031071B16D29B0019E5E0 /* Urban96 */;
			targetProxy = E73031221B16D29B0019E5E0 /* PBXContainerItemProxy */;
		};
/* End PBXTargetDependency section */

/* Begin PBXVariantGroup section */
		E73031151B16D29B0019E5E0 /* Main.storyboard */ = {
			isa = PBXVariantGroup;
			children = (
				E73031161B16D29B0019E5E0 /* Base */,
			);
			name = Main.storyboard;
			sourceTree = "<group>";
		};
		E730311A1B16D29B0019E5E0 /* LaunchScreen.xib */ = {
			isa = PBXVariantGroup;
			children = (
				E730311B1B16D29B0019E5E0 /* Base */,
			);
			name = LaunchScreen.xib;
			sourceTree = "<group>";
		};
/* End PBXVariantGroup section */

/* Begin XCBuildConfiguration section */
		E73031291B16D29B0019E5E0 /* Debug */ = {
			isa = XCBuildConfiguration;
			buildSettings = {
				ALWAYS_SEARCH_USER_PATHS = NO;
				CLANG_CXX_LANGUAGE_STANDARD = "gnu++0x";
				CLANG_CXX_LIBRARY = "libc++";
				CLANG_ENABLE_MODULES = YES;
				CLANG_ENABLE_OBJC_ARC = YES;
				CLANG_WARN_BOOL_CONVERSION = YES;
				CLANG_WARN_CONSTANT_CONVERSION = YES;
				CLANG_WARN_DIRECT_OBJC_ISA_USAGE = YES_ERROR;
				CLANG_WARN_EMPTY_BODY = YES;
				CLANG_WARN_ENUM_CONVERSION = YES;
				CLANG_WARN_INT_CONVERSION = YES;
				CLANG_WARN_OBJC_ROOT_CLASS = YES_ERROR;
				CLANG_WARN_UNREACHABLE_CODE = YES;
				CLANG_WARN__DUPLICATE_METHOD_MATCH = YES;
				"CODE_SIGN_IDENTITY[sdk=iphoneos*]" = "iPhone Developer";
				COPY_PHASE_STRIP = NO;
				DEBUG_INFORMATION_FORMAT = "dwarf-with-dsym";
				ENABLE_STRICT_OBJC_MSGSEND = YES;
				GCC_C_LANGUAGE_STANDARD = gnu99;
				GCC_DYNAMIC_NO_PIC = NO;
				GCC_NO_COMMON_BLOCKS = YES;
				GCC_OPTIMIZATION_LEVEL = 0;
				GCC_PREPROCESSOR_DEFINITIONS = (
					"DEBUG=1",
					"$(inherited)",
				);
				GCC_SYMBOLS_PRIVATE_EXTERN = NO;
				GCC_WARN_64_TO_32_BIT_CONVERSION = YES;
				GCC_WARN_ABOUT_RETURN_TYPE = YES_ERROR;
				GCC_WARN_UNDECLARED_SELECTOR = YES;
				GCC_WARN_UNINITIALIZED_AUTOS = YES_AGGRESSIVE;
				GCC_WARN_UNUSED_FUNCTION = YES;
				GCC_WARN_UNUSED_VARIABLE = YES;
				IPHONEOS_DEPLOYMENT_TARGET = 8.3;
				MTL_ENABLE_DEBUG_INFO = YES;
				ONLY_ACTIVE_ARCH = YES;
				SDKROOT = iphoneos;
			};
			name = Debug;
		};
		E730312A1B16D29B0019E5E0 /* Release */ = {
			isa = XCBuildConfiguration;
			buildSettings = {
				ALWAYS_SEARCH_USER_PATHS = NO;
				CLANG_CXX_LANGUAGE_STANDARD = "gnu++0x";
				CLANG_CXX_LIBRARY = "libc++";
				CLANG_ENABLE_MODULES = YES;
				CLANG_ENABLE_OBJC_ARC = YES;
				CLANG_WARN_BOOL_CONVERSION = YES;
				CLANG_WARN_CONSTANT_CONVERSION = YES;
				CLANG_WARN_DIRECT_OBJC_ISA_USAGE = YES_ERROR;
				CLANG_WARN_EMPTY_BODY = YES;
				CLANG_WARN_ENUM_CONVERSION = YES;
				CLANG_WARN_INT_CONVERSION = YES;
				CLANG_WARN_OBJC_ROOT_CLASS = YES_ERROR;
				CLANG_WARN_UNREACHABLE_CODE = YES;
				CLANG_WARN__DUPLICATE_METHOD_MATCH = YES;
				"CODE_SIGN_IDENTITY[sdk=iphoneos*]" = "iPhone Developer";
				COPY_PHASE_STRIP = NO;
				DEBUG_INFORMATION_FORMAT = "dwarf-with-dsym";
				ENABLE_NS_ASSERTIONS = NO;
				ENABLE_STRICT_OBJC_MSGSEND = YES;
				GCC_C_LANGUAGE_STANDARD = gnu99;
				GCC_NO_COMMON_BLOCKS = YES;
				GCC_WARN_64_TO_32_BIT_CONVERSION = YES;
				GCC_WARN_ABOUT_RETURN_TYPE = YES_ERROR;
				GCC_WARN_UNDECLARED_SELECTOR = YES;
				GCC_WARN_UNINITIALIZED_AUTOS = YES_AGGRESSIVE;
				GCC_WARN_UNUSED_FUNCTION = YES;
				GCC_WARN_UNUSED_VARIABLE = YES;
				IPHONEOS_DEPLOYMENT_TARGET = 8.3;
				MTL_ENABLE_DEBUG_INFO = NO;
				SDKROOT = iphoneos;
				VALIDATE_PRODUCT = YES;
			};
			name = Release;
		};
		E730312C1B16D29B0019E5E0 /* Debug */ = {
			isa = XCBuildConfiguration;
			buildSettings = {
				ASSETCATALOG_COMPILER_APPICON_NAME = AppIcon;
				INFOPLIST_FILE = Urban96/Info.plist;
				LD_RUNPATH_SEARCH_PATHS = "$(inherited) @executable_path/Frameworks";
				PRODUCT_NAME = "$(TARGET_NAME)";
			};
			name = Debug;
		};
		E730312D1B16D29B0019E5E0 /* Release */ = {
			isa = XCBuildConfiguration;
			buildSettings = {
				ASSETCATALOG_COMPILER_APPICON_NAME = AppIcon;
				INFOPLIST_FILE = Urban96/Info.plist;
				LD_RUNPATH_SEARCH_PATHS = "$(inherited) @executable_path/Frameworks";
				PRODUCT_NAME = "$(TARGET_NAME)";
			};
			name = Release;
		};
		E730312F1B16D29B0019E5E0 /* Debug */ = {
			isa = XCBuildConfiguration;
			buildSettings = {
				BUNDLE_LOADER = "$(TEST_HOST)";
				FRAMEWORK_SEARCH_PATHS = (
					"$(SDKROOT)/Developer/Library/Frameworks",
					"$(inherited)",
				);
				GCC_PREPROCESSOR_DEFINITIONS = (
					"DEBUG=1",
					"$(inherited)",
				);
				INFOPLIST_FILE = Urban96Tests/Info.plist;
				LD_RUNPATH_SEARCH_PATHS = "$(inherited) @executable_path/Frameworks @loader_path/Frameworks";
				PRODUCT_NAME = "$(TARGET_NAME)";
				TEST_HOST = "$(BUILT_PRODUCTS_DIR)/Urban96.app/Urban96";
			};
			name = Debug;
		};
		E73031301B16D29B0019E5E0 /* Release */ = {
			isa = XCBuildConfiguration;
			buildSettings = {
				BUNDLE_LOADER = "$(TEST_HOST)";
				FRAMEWORK_SEARCH_PATHS = (
					"$(SDKROOT)/Developer/Library/Frameworks",
					"$(inherited)",
				);
				INFOPLIST_FILE = Urban96Tests/Info.plist;
				LD_RUNPATH_SEARCH_PATHS = "$(inherited) @executable_path/Frameworks @loader_path/Frameworks";
				PRODUCT_NAME = "$(TARGET_NAME)";
				TEST_HOST = "$(BUILT_PRODUCTS_DIR)/Urban96.app/Urban96";
			};
			name = Release;
		};
/* End XCBuildConfiguration section */

/* Begin XCConfigurationList section */
		E73031031B16D29B0019E5E0 /* Build configuration list for PBXProject "Urban96" */ = {
			isa = XCConfigurationList;
			buildConfigurations = (
				E73031291B16D29B0019E5E0 /* Debug */,
				E730312A1B16D29B0019E5E0 /* Release */,
			);
			defaultConfigurationIsVisible = 0;
			defaultConfigurationName = Release;
		};
		E730312B1B16D29B0019E5E0 /* Build configuration list for PBXNativeTarget "Urban96" */ = {
			isa = XCConfigurationList;
			buildConfigurations = (
				E730312C1B16D29B0019E5E0 /* Debug */,
				E730312D1B16D29B0019E5E0 /* Release */,
			);
			defaultConfigurationIsVisible = 0;
		};
		E730312E1B16D29B0019E5E0 /* Build configuration list for PBXNativeTarget "Urban96Tests" */ = {
			isa = XCConfigurationList;
			buildConfigurations = (
				E730312F1B16D29B0019E5E0 /* Debug */,
				E73031301B16D29B0019E5E0 /* Release */,
			);
			defaultConfigurationIsVisible = 0;
		};
/* End XCConfigurationList section */
	};
	rootObject = E73031001B16D29B0019E5E0 /* Project object */;
}
